
Microsoft Visual Studio Solution File, Format Version 12.00
# Visual Studio 15
VisualStudioVersion = 15.0.26124.0
MinimumVisualStudioVersion = 15.0.26124.0
Project("{FAE04EC0-301F-11D3-BF4B-00C04F79EFBC}") = "QuickBuy.Dominio", "QuickBuy.Dominio\QuickBuy.Dominio.csproj", "{B60C9732-3B9E-4FDA-81E2-84C69B593054}"
EndProject
Project("{FAE04EC0-301F-11D3-BF4B-00C04F79EFBC}") = "QuickBuy.Repositorio", "QuickBuy.Repositorio\QuickBuy.Repositorio.csproj", "{B4108D03-23D6-4170-86BC-837908E2701E}"
EndProject
Project("{FAE04EC0-301F-11D3-BF4B-00C04F79EFBC}") = "QuickBuy.web", "QuickBuy.web\QuickBuy.web.csproj", "{BD1110D0-3DCF-40BA-8B66-7C0D3D95273F}"
EndProject
Global
	GlobalSection(SolutionConfigurationPlatforms) = preSolution
		Debug|Any CPU = Debug|Any CPU
		Debug|x64 = Debug|x64
		Debug|x86 = Debug|x86
		Release|Any CPU = Release|Any CPU
		Release|x64 = Release|x64
		Release|x86 = Release|x86
	EndGlobalSection
	GlobalSection(SolutionProperties) = preSolution
		HideSolutionNode = FALSE
	EndGlobalSection
	GlobalSection(ProjectConfigurationPlatforms) = postSolution
		{B60C9732-3B9E-4FDA-81E2-84C69B593054}.Debug|Any CPU.ActiveCfg = Debug|Any CPU
		{B60C9732-3B9E-4FDA-81E2-84C69B593054}.Debug|Any CPU.Build.0 = Debug|Any CPU
		{B60C9732-3B9E-4FDA-81E2-84C69B593054}.Debug|x64.ActiveCfg = Debug|Any CPU
		{B60C9732-3B9E-4FDA-81E2-84C69B593054}.Debug|x64.Build.0 = Debug|Any CPU
		{B60C9732-3B9E-4FDA-81E2-84C69B593054}.Debug|x86.ActiveCfg = Debug|Any CPU
		{B60C9732-3B9E-4FDA-81E2-84C69B593054}.Debug|x86.Build.0 = Debug|Any CPU
		{B60C9732-3B9E-4FDA-81E2-84C69B593054}.Release|Any CPU.ActiveCfg = Release|Any CPU
		{B60C9732-3B9E-4FDA-81E2-84C69B593054}.Release|Any CPU.Build.0 = Release|Any CPU
		{B60C9732-3B9E-4FDA-81E2-84C69B593054}.Release|x64.ActiveCfg = Release|Any CPU
		{B60C9732-3B9E-4FDA-81E2-84C69B593054}.Release|x64.Build.0 = Release|Any CPU
		{B60C9732-3B9E-4FDA-81E2-84C69B593054}.Release|x86.ActiveCfg = Release|Any CPU
		{B60C9732-3B9E-4FDA-81E2-84C69B593054}.Release|x86.Build.0 = Release|Any CPU
		{B4108D03-23D6-4170-86BC-837908E2701E}.Debug|Any CPU.ActiveCfg = Debug|Any CPU
		{B4108D03-23D6-4170-86BC-837908E2701E}.Debug|Any CPU.Build.0 = Debug|Any CPU
		{B4108D03-23D6-4170-86BC-837908E2701E}.Debug|x64.ActiveCfg = Debug|Any CPU
		{B4108D03-23D6-4170-86BC-837908E2701E}.Debug|x64.Build.0 = Debug|Any CPU
		{B4108D03-23D6-4170-86BC-837908E2701E}.Debug|x86.ActiveCfg = Debug|Any CPU
		{B4108D03-23D6-4170-86BC-837908E2701E}.Debug|x86.Build.0 = Debug|Any CPU
		{B4108D03-23D6-4170-86BC-837908E2701E}.Release|Any CPU.ActiveCfg = Release|Any CPU
		{B4108D03-23D6-4170-86BC-837908E2701E}.Release|Any CPU.Build.0 = Release|Any CPU
		{B4108D03-23D6-4170-86BC-837908E2701E}.Release|x64.ActiveCfg = Release|Any CPU
		{B4108D03-23D6-4170-86BC-837908E2701E}.Release|x64.Build.0 = Release|Any CPU
		{B4108D03-23D6-4170-86BC-837908E2701E}.Release|x86.ActiveCfg = Release|Any CPU
		{B4108D03-23D6-4170-86BC-837908E2701E}.Release|x86.Build.0 = Release|Any CPU
		{BD1110D0-3DCF-40BA-8B66-7C0D3D95273F}.Debug|Any CPU.ActiveCfg = Debug|Any CPU
		{BD1110D0-3DCF-40BA-8B66-7C0D3D95273F}.Debug|Any CPU.Build.0 = Debug|Any CPU
		{BD1110D0-3DCF-40BA-8B66-7C0D3D95273F}.Debug|x64.ActiveCfg = Debug|Any CPU
		{BD1110D0-3DCF-40BA-8B66-7C0D3D95273F}.Debug|x64.Build.0 = Debug|Any CPU
		{BD1110D0-3DCF-40BA-8B66-7C0D3D95273F}.Debug|x86.ActiveCfg = Debug|Any CPU
		{BD1110D0-3DCF-40BA-8B66-7C0D3D95273F}.Debug|x86.Build.0 = Debug|Any CPU
		{BD1110D0-3DCF-40BA-8B66-7C0D3D95273F}.Release|Any CPU.ActiveCfg = Release|Any CPU
		{BD1110D0-3DCF-40BA-8B66-7C0D3D95273F}.Release|Any CPU.Build.0 = Release|Any CPU
		{BD1110D0-3DCF-40BA-8B66-7C0D3D95273F}.Release|x64.ActiveCfg = Release|Any CPU
		{BD1110D0-3DCF-40BA-8B66-7C0D3D95273F}.Release|x64.Build.0 = Release|Any CPU
		{BD1110D0-3DCF-40BA-8B66-7C0D3D95273F}.Release|x86.ActiveCfg = Release|Any CPU
		{BD1110D0-3DCF-40BA-8B66-7C0D3D95273F}.Release|x86.Build.0 = Release|Any CPU
	EndGlobalSection
EndGlobal
